
Microsoft Visual Studio Solution File, Format Version 12.00
Project("{FAE04EC0-301F-11D3-BF4B-00C04F79EFBC}") = "IT232_Helton_Unit4", "IT232_Helton_Unit4\IT232_Helton_Unit4.csproj", "{68C5BD53-FFEA-41C4-BEB2-8F0A05255C53}"
EndProject
Global
	GlobalSection(SolutionConfigurationPlatforms) = preSolution
		Debug|Any CPU = Debug|Any CPU
		Release|Any CPU = Release|Any CPU
	EndGlobalSection
	GlobalSection(ProjectConfigurationPlatforms) = postSolution
		{68C5BD53-FFEA-41C4-BEB2-8F0A05255C53}.Debug|Any CPU.ActiveCfg = Debug|Any CPU
		{68C5BD53-FFEA-41C4-BEB2-8F0A05255C53}.Debug|Any CPU.Build.0 = Debug|Any CPU
		{68C5BD53-FFEA-41C4-BEB2-8F0A05255C53}.Release|Any CPU.ActiveCfg = Release|Any CPU
		{68C5BD53-FFEA-41C4-BEB2-8F0A05255C53}.Release|Any CPU.Build.0 = Release|Any CPU
	EndGlobalSection
EndGlobal
